
Microsoft Visual Studio Solution File, Format Version 12.00
Project("{FAE04EC0-301F-11D3-BF4B-00C04F79EFBC}") = "integer7", "integer7\integer7.csproj", "{E5E59E59-48CA-4514-9998-DA0EBBC7A525}"
EndProject
Global
	GlobalSection(SolutionConfigurationPlatforms) = preSolution
		Debug|Any CPU = Debug|Any CPU
		Release|Any CPU = Release|Any CPU
	EndGlobalSection
	GlobalSection(ProjectConfigurationPlatforms) = postSolution
		{E5E59E59-48CA-4514-9998-DA0EBBC7A525}.Debug|Any CPU.ActiveCfg = Debug|Any CPU
		{E5E59E59-48CA-4514-9998-DA0EBBC7A525}.Debug|Any CPU.Build.0 = Debug|Any CPU
		{E5E59E59-48CA-4514-9998-DA0EBBC7A525}.Release|Any CPU.ActiveCfg = Release|Any CPU
		{E5E59E59-48CA-4514-9998-DA0EBBC7A525}.Release|Any CPU.Build.0 = Release|Any CPU
	EndGlobalSection
EndGlobal
